
Microsoft Visual Studio Solution File, Format Version 12.00
# Visual Studio Version 17
VisualStudioVersion = 17.5.002.0
MinimumVisualStudioVersion = 10.0.40219.1
Project("{9A19103F-16F7-4668-BE54-9A1E7A4F7556}") = "Hortifruti", "Hortifruti.csproj", "{CEAB131D-ECBB-4BFC-86F4-FAFD19D6B238}"
EndProject
Global
	GlobalSection(SolutionConfigurationPlatforms) = preSolution
		Debug|Any CPU = Debug|Any CPU
		Release|Any CPU = Release|Any CPU
	EndGlobalSection
	GlobalSection(ProjectConfigurationPlatforms) = postSolution
		{CEAB131D-ECBB-4BFC-86F4-FAFD19D6B238}.Debug|Any CPU.ActiveCfg = Debug|Any CPU
		{CEAB131D-ECBB-4BFC-86F4-FAFD19D6B238}.Debug|Any CPU.Build.0 = Debug|Any CPU
		{CEAB131D-ECBB-4BFC-86F4-FAFD19D6B238}.Release|Any CPU.ActiveCfg = Release|Any CPU
		{CEAB131D-ECBB-4BFC-86F4-FAFD19D6B238}.Release|Any CPU.Build.0 = Release|Any CPU
	EndGlobalSection
	GlobalSection(SolutionProperties) = preSolution
		HideSolutionNode = FALSE
	EndGlobalSection
	GlobalSection(ExtensibilityGlobals) = postSolution
		SolutionGuid = {7DDF27DA-1AD2-405F-B0E2-5702F2BDB3A9}
	EndGlobalSection
EndGlobal
